// !$*UTF8*$!
{
	archiveVersion = 1;
	classes = {
	};
	objectVersion = 46;
	objects = {

/* Begin PBXBuildFile section */
		50681E5715896A3D000909F8 /* MapViewController.m in Sources */ = {isa = PBXBuildFile; fileRef = 50681E5615896A3D000909F8 /* MapViewController.m */; };
		5070750A158842F100DCED37 /* FlickrPlaceAnnotation.m in Sources */ = {isa = PBXBuildFile; fileRef = 50707509158842F100DCED37 /* FlickrPlaceAnnotation.m */; };
		5070750D1588432400DCED37 /* MapKit.framework in Frameworks */ = {isa = PBXBuildFile; fileRef = 5070750C1588432400DCED37 /* MapKit.framework */; };
		5070751415884ABB00DCED37 /* FlickrPhotoAnnotation.m in Sources */ = {isa = PBXBuildFile; fileRef = 5070751315884ABB00DCED37 /* FlickrPhotoAnnotation.m */; };
		50A671AC1581B56B00A34F20 /* PlacesTableViewController.m in Sources */ = {isa = PBXBuildFile; fileRef = 50A671AB1581B56B00A34F20 /* PlacesTableViewController.m */; };
		50A671B31581C60100A34F20 /* PhotosTableViewController.m in Sources */ = {isa = PBXBuildFile; fileRef = 50A671B21581C60100A34F20 /* PhotosTableViewController.m */; };
		50A671C51581D42E00A34F20 /* PhotoScrollViewController.m in Sources */ = {isa = PBXBuildFile; fileRef = 50A671C41581D42E00A34F20 /* PhotoScrollViewController.m */; };
		50B06A3D158AE79D0051E9A7 /* CoreLocation.framework in Frameworks */ = {isa = PBXBuildFile; fileRef = 50B06A3C158AE79D0051E9A7 /* CoreLocation.framework */; };
		50B06A46158AEB890051E9A7 /* FlickrImage.m in Sources */ = {isa = PBXBuildFile; fileRef = 50B06A45158AEB890051E9A7 /* FlickrImage.m */; };
		50B19F361589D2BF00405CF0 /* thumbnail.png in Resources */ = {isa = PBXBuildFile; fileRef = 50B19F351589D2BF00405CF0 /* thumbnail.png */; };
		50B76E44157C74B500843CB4 /* photos.png in Resources */ = {isa = PBXBuildFile; fileRef = 50B76E41157C74B500843CB4 /* photos.png */; };
		50B76E45157C74B500843CB4 /* briefcase.png in Resources */ = {isa = PBXBuildFile; fileRef = 50B76E42157C74B500843CB4 /* briefcase.png */; };
		50B76E46157C74B500843CB4 /* world.png in Resources */ = {isa = PBXBuildFile; fileRef = 50B76E43157C74B500843CB4 /* world.png */; };
		50D8A2BC157859810042F548 /* UIKit.framework in Frameworks */ = {isa = PBXBuildFile; fileRef = 50D8A2BB157859810042F548 /* UIKit.framework */; };
		50D8A2BE157859810042F548 /* Foundation.framework in Frameworks */ = {isa = PBXBuildFile; fileRef = 50D8A2BD157859810042F548 /* Foundation.framework */; };
		50D8A2C0157859810042F548 /* CoreGraphics.framework in Frameworks */ = {isa = PBXBuildFile; fileRef = 50D8A2BF157859810042F548 /* CoreGraphics.framework */; };
		50D8A2C6157859810042F548 /* InfoPlist.strings in Resources */ = {isa = PBXBuildFile; fileRef = 50D8A2C4157859810042F548 /* InfoPlist.strings */; };
		50D8A2C8157859810042F548 /* main.m in Sources */ = {isa = PBXBuildFile; fileRef = 50D8A2C7157859810042F548 /* main.m */; };
		50D8A2CC157859810042F548 /* FlickrPlacesAppDelegate.m in Sources */ = {isa = PBXBuildFile; fileRef = 50D8A2CB157859810042F548 /* FlickrPlacesAppDelegate.m */; };
		50D8A2CF157859810042F548 /* MainStoryboard_iPhone.storyboard in Resources */ = {isa = PBXBuildFile; fileRef = 50D8A2CD157859810042F548 /* MainStoryboard_iPhone.storyboard */; };
		50D8A2D2157859810042F548 /* MainStoryboard_iPad.storyboard in Resources */ = {isa = PBXBuildFile; fileRef = 50D8A2D0157859810042F548 /* MainStoryboard_iPad.storyboard */; };
		50D96F7815889CFE00E62B85 /* FlickrRecentPhotos.m in Sources */ = {isa = PBXBuildFile; fileRef = 50D96F7715889CFE00E62B85 /* FlickrRecentPhotos.m */; };
		50E63046157C59E50074451F /* FlickrFetcher.m in Sources */ = {isa = PBXBuildFile; fileRef = 50E63045157C59E50074451F /* FlickrFetcher.m */; };
		50E63050157C69980074451F /* Flickr.png in Resources */ = {isa = PBXBuildFile; fileRef = 50E6304F157C69980074451F /* Flickr.png */; };
		50EC2ABF15831DC600E4AE07 /* FlickrService.m in Sources */ = {isa = PBXBuildFile; fileRef = 50EC2ABE15831DC600E4AE07 /* FlickrService.m */; };
/* End PBXBuildFile section */

/* Begin PBXFileReference section */
		50681E5515896A3D000909F8 /* MapViewController.h */ = {isa = PBXFileReference; fileEncoding = 4; lastKnownFileType = sourcecode.c.h; path = MapViewController.h; sourceTree = "<group>"; };
		50681E5615896A3D000909F8 /* MapViewController.m */ = {isa = PBXFileReference; fileEncoding = 4; lastKnownFileType = sourcecode.c.objc; path = MapViewController.m; sourceTree = "<group>"; };
		50707508158842F100DCED37 /* FlickrPlaceAnnotation.h */ = {isa = PBXFileReference; fileEncoding = 4; lastKnownFileType = sourcecode.c.h; path = FlickrPlaceAnnotation.h; sourceTree = "<group>"; };
		50707509158842F100DCED37 /* FlickrPlaceAnnotation.m */ = {isa = PBXFileReference; fileEncoding = 4; lastKnownFileType = sourcecode.c.objc; path = FlickrPlaceAnnotation.m; sourceTree = "<group>"; };
		5070750C1588432400DCED37 /* MapKit.framework */ = {isa = PBXFileReference; lastKnownFileType = wrapper.framework; name = MapKit.framework; path = System/Library/Frameworks/MapKit.framework; sourceTree = SDKROOT; };
		5070751215884ABB00DCED37 /* FlickrPhotoAnnotation.h */ = {isa = PBXFileReference; fileEncoding = 4; lastKnownFileType = sourcecode.c.h; path = FlickrPhotoAnnotation.h; sourceTree = "<group>"; };
		5070751315884ABB00DCED37 /* FlickrPhotoAnnotation.m */ = {isa = PBXFileReference; fileEncoding = 4; lastKnownFileType = sourcecode.c.objc; path = FlickrPhotoAnnotation.m; sourceTree = "<group>"; };
		50A671AA1581B56B00A34F20 /* PlacesTableViewController.h */ = {isa = PBXFileReference; fileEncoding = 4; lastKnownFileType = sourcecode.c.h; path = PlacesTableViewController.h; sourceTree = "<group>"; };
		50A671AB1581B56B00A34F20 /* PlacesTableViewController.m */ = {isa = PBXFileReference; fileEncoding = 4; lastKnownFileType = sourcecode.c.objc; path = PlacesTableViewController.m; sourceTree = "<group>"; };
		50A671B11581C60100A34F20 /* PhotosTableViewController.h */ = {isa = PBXFileReference; fileEncoding = 4; lastKnownFileType = sourcecode.c.h; path = PhotosTableViewController.h; sourceTree = "<group>"; };
		50A671B21581C60100A34F20 /* PhotosTableViewController.m */ = {isa = PBXFileReference; fileEncoding = 4; lastKnownFileType = sourcecode.c.objc; path = PhotosTableViewController.m; sourceTree = "<group>"; };
		50A671C31581D42E00A34F20 /* PhotoScrollViewController.h */ = {isa = PBXFileReference; fileEncoding = 4; lastKnownFileType = sourcecode.c.h; path = PhotoScrollViewController.h; sourceTree = "<group>"; };
		50A671C41581D42E00A34F20 /* PhotoScrollViewController.m */ = {isa = PBXFileReference; fileEncoding = 4; lastKnownFileType = sourcecode.c.objc; path = PhotoScrollViewController.m; sourceTree = "<group>"; };
		50B06A3C158AE79D0051E9A7 /* CoreLocation.framework */ = {isa = PBXFileReference; lastKnownFileType = wrapper.framework; name = CoreLocation.framework; path = System/Library/Frameworks/CoreLocation.framework; sourceTree = SDKROOT; };
		50B06A44158AEB890051E9A7 /* FlickrImage.h */ = {isa = PBXFileReference; fileEncoding = 4; lastKnownFileType = sourcecode.c.h; path = FlickrImage.h; sourceTree = "<group>"; };
		50B06A45158AEB890051E9A7 /* FlickrImage.m */ = {isa = PBXFileReference; fileEncoding = 4; lastKnownFileType = sourcecode.c.objc; path = FlickrImage.m; sourceTree = "<group>"; };
		50B19F351589D2BF00405CF0 /* thumbnail.png */ = {isa = PBXFileReference; lastKnownFileType = image.png; path = thumbnail.png; sourceTree = "<group>"; };
		50B76E41157C74B500843CB4 /* photos.png */ = {isa = PBXFileReference; lastKnownFileType = image.png; path = photos.png; sourceTree = "<group>"; };
		50B76E42157C74B500843CB4 /* briefcase.png */ = {isa = PBXFileReference; lastKnownFileType = image.png; path = briefcase.png; sourceTree = "<group>"; };
		50B76E43157C74B500843CB4 /* world.png */ = {isa = PBXFileReference; lastKnownFileType = image.png; path = world.png; sourceTree = "<group>"; };
		50D8A2B7157859810042F548 /* FlickrPlaces.app */ = {isa = PBXFileReference; explicitFileType = wrapper.application; includeInIndex = 0; path = FlickrPlaces.app; sourceTree = BUILT_PRODUCTS_DIR; };
		50D8A2BB157859810042F548 /* UIKit.framework */ = {isa = PBXFileReference; lastKnownFileType = wrapper.framework; name = UIKit.framework; path = System/Library/Frameworks/UIKit.framework; sourceTree = SDKROOT; };
		50D8A2BD157859810042F548 /* Foundation.framework */ = {isa = PBXFileReference; lastKnownFileType = wrapper.framework; name = Foundation.framework; path = System/Library/Frameworks/Foundation.framework; sourceTree = SDKROOT; };
		50D8A2BF157859810042F548 /* CoreGraphics.framework */ = {isa = PBXFileReference; lastKnownFileType = wrapper.framework; name = CoreGraphics.framework; path = System/Library/Frameworks/CoreGraphics.framework; sourceTree = SDKROOT; };
		50D8A2C3157859810042F548 /* FlickrPlaces-Info.plist */ = {isa = PBXFileReference; lastKnownFileType = text.plist.xml; path = "FlickrPlaces-Info.plist"; sourceTree = "<group>"; };
		50D8A2C5157859810042F548 /* en */ = {isa = PBXFileReference; lastKnownFileType = text.plist.strings; name = en; path = en.lproj/InfoPlist.strings; sourceTree = "<group>"; };
		50D8A2C7157859810042F548 /* main.m */ = {isa = PBXFileReference; lastKnownFileType = sourcecode.c.objc; path = main.m; sourceTree = "<group>"; };
		50D8A2C9157859810042F548 /* FlickrPlaces-Prefix.pch */ = {isa = PBXFileReference; lastKnownFileType = sourcecode.c.h; path = "FlickrPlaces-Prefix.pch"; sourceTree = "<group>"; };
		50D8A2CA157859810042F548 /* FlickrPlacesAppDelegate.h */ = {isa = PBXFileReference; lastKnownFileType = sourcecode.c.h; path = FlickrPlacesAppDelegate.h; sourceTree = "<group>"; };
		50D8A2CB157859810042F548 /* FlickrPlacesAppDelegate.m */ = {isa = PBXFileReference; lastKnownFileType = sourcecode.c.objc; path = FlickrPlacesAppDelegate.m; sourceTree = "<group>"; };
		50D8A2CE157859810042F548 /* en */ = {isa = PBXFileReference; lastKnownFileType = file.storyboard; name = en; path = en.lproj/MainStoryboard_iPhone.storyboard; sourceTree = "<group>"; };
		50D8A2D1157859810042F548 /* en */ = {isa = PBXFileReference; lastKnownFileType = file.storyboard; name = en; path = en.lproj/MainStoryboard_iPad.storyboard; sourceTree = "<group>"; };
		50D96F7615889CFE00E62B85 /* FlickrRecentPhotos.h */ = {isa = PBXFileReference; fileEncoding = 4; lastKnownFileType = sourcecode.c.h; path = FlickrRecentPhotos.h; sourceTree = "<group>"; };
		50D96F7715889CFE00E62B85 /* FlickrRecentPhotos.m */ = {isa = PBXFileReference; fileEncoding = 4; lastKnownFileType = sourcecode.c.objc; path = FlickrRecentPhotos.m; sourceTree = "<group>"; };
		50E63043157C59E50074451F /* FlickrAPIKey.h */ = {isa = PBXFileReference; fileEncoding = 4; lastKnownFileType = sourcecode.c.h; path = FlickrAPIKey.h; sourceTree = "<group>"; };
		50E63044157C59E50074451F /* FlickrFetcher.h */ = {isa = PBXFileReference; fileEncoding = 4; lastKnownFileType = sourcecode.c.h; path = FlickrFetcher.h; sourceTree = "<group>"; };
		50E63045157C59E50074451F /* FlickrFetcher.m */ = {isa = PBXFileReference; fileEncoding = 4; lastKnownFileType = sourcecode.c.objc; path = FlickrFetcher.m; sourceTree = "<group>"; };
		50E6304F157C69980074451F /* Flickr.png */ = {isa = PBXFileReference; lastKnownFileType = image.png; path = Flickr.png; sourceTree = "<group>"; };
		50EC2ABD15831DC600E4AE07 /* FlickrService.h */ = {isa = PBXFileReference; fileEncoding = 4; lastKnownFileType = sourcecode.c.h; path = FlickrService.h; sourceTree = "<group>"; };
		50EC2ABE15831DC600E4AE07 /* FlickrService.m */ = {isa = PBXFileReference; fileEncoding = 4; lastKnownFileType = sourcecode.c.objc; path = FlickrService.m; sourceTree = "<group>"; };
/* End PBXFileReference section */

/* Begin PBXFrameworksBuildPhase section */
		50D8A2B4157859810042F548 /* Frameworks */ = {
			isa = PBXFrameworksBuildPhase;
			buildActionMask = 2147483647;
			files = (
				50D8A2BC157859810042F548 /* UIKit.framework in Frameworks */,
				50B06A3D158AE79D0051E9A7 /* CoreLocation.framework in Frameworks */,
				5070750D1588432400DCED37 /* MapKit.framework in Frameworks */,
				50D8A2BE157859810042F548 /* Foundation.framework in Frameworks */,
				50D8A2C0157859810042F548 /* CoreGraphics.framework in Frameworks */,
			);
			runOnlyForDeploymentPostprocessing = 0;
		};
/* End PBXFrameworksBuildPhase section */

/* Begin PBXGroup section */
		50D8A2AC157859810042F548 = {
			isa = PBXGroup;
			children = (
				50D8A2C1157859810042F548 /* FlickrPlaces */,
				50D8A2BA157859810042F548 /* Frameworks */,
				50D8A2B8157859810042F548 /* Products */,
			);
			sourceTree = "<group>";
		};
		50D8A2B8157859810042F548 /* Products */ = {
			isa = PBXGroup;
			children = (
				50D8A2B7157859810042F548 /* FlickrPlaces.app */,
			);
			name = Products;
			sourceTree = "<group>";
		};
		50D8A2BA157859810042F548 /* Frameworks */ = {
			isa = PBXGroup;
			children = (
				50B06A3C158AE79D0051E9A7 /* CoreLocation.framework */,
				5070750C1588432400DCED37 /* MapKit.framework */,
				50D8A2BB157859810042F548 /* UIKit.framework */,
				50D8A2BD157859810042F548 /* Foundation.framework */,
				50D8A2BF157859810042F548 /* CoreGraphics.framework */,
			);
			name = Frameworks;
			sourceTree = "<group>";
		};
		50D8A2C1157859810042F548 /* FlickrPlaces */ = {
			isa = PBXGroup;
			children = (
				50D8A2CD157859810042F548 /* MainStoryboard_iPhone.storyboard */,
				50D8A2D0157859810042F548 /* MainStoryboard_iPad.storyboard */,
				50E6304E157C69330074451F /* Model */,
				50E6304D157C692D0074451F /* View */,
				50E6304C157C69210074451F /* Controller */,
				50D8A2C2157859810042F548 /* Supporting Files */,
				50D8A2CA157859810042F548 /* FlickrPlacesAppDelegate.h */,
				50D8A2CB157859810042F548 /* FlickrPlacesAppDelegate.m */,
			);
			path = FlickrPlaces;
			sourceTree = "<group>";
		};
		50D8A2C2157859810042F548 /* Supporting Files */ = {
			isa = PBXGroup;
			children = (
				50B19F351589D2BF00405CF0 /* thumbnail.png */,
				50B76E41157C74B500843CB4 /* photos.png */,
				50B76E42157C74B500843CB4 /* briefcase.png */,
				50B76E43157C74B500843CB4 /* world.png */,
				50E6304F157C69980074451F /* Flickr.png */,
				50D8A2C3157859810042F548 /* FlickrPlaces-Info.plist */,
				50D8A2C4157859810042F548 /* InfoPlist.strings */,
				50D8A2C7157859810042F548 /* main.m */,
				50D8A2C9157859810042F548 /* FlickrPlaces-Prefix.pch */,
			);
			name = "Supporting Files";
			sourceTree = "<group>";
		};
		50E6304C157C69210074451F /* Controller */ = {
			isa = PBXGroup;
			children = (
				50A671AA1581B56B00A34F20 /* PlacesTableViewController.h */,
				50A671AB1581B56B00A34F20 /* PlacesTableViewController.m */,
				50A671B11581C60100A34F20 /* PhotosTableViewController.h */,
				50A671B21581C60100A34F20 /* PhotosTableViewController.m */,
				50681E5515896A3D000909F8 /* MapViewController.h */,
				50681E5615896A3D000909F8 /* MapViewController.m */,
				50A671C31581D42E00A34F20 /* PhotoScrollViewController.h */,
				50A671C41581D42E00A34F20 /* PhotoScrollViewController.m */,
			);
			name = Controller;
			sourceTree = "<group>";
		};
		50E6304D157C692D0074451F /* View */ = {
			isa = PBXGroup;
			children = (
				50B06A44158AEB890051E9A7 /* FlickrImage.h */,
				50B06A45158AEB890051E9A7 /* FlickrImage.m */,
			);
			name = View;
			sourceTree = "<group>";
		};
		50E6304E157C69330074451F /* Model */ = {
			isa = PBXGroup;
			children = (
				50E63043157C59E50074451F /* FlickrAPIKey.h */,
				50E63044157C59E50074451F /* FlickrFetcher.h */,
				50E63045157C59E50074451F /* FlickrFetcher.m */,
				50EC2ABD15831DC600E4AE07 /* FlickrService.h */,
				50EC2ABE15831DC600E4AE07 /* FlickrService.m */,
				50D96F7615889CFE00E62B85 /* FlickrRecentPhotos.h */,
				50D96F7715889CFE00E62B85 /* FlickrRecentPhotos.m */,
				50707508158842F100DCED37 /* FlickrPlaceAnnotation.h */,
				50707509158842F100DCED37 /* FlickrPlaceAnnotation.m */,
				5070751215884ABB00DCED37 /* FlickrPhotoAnnotation.h */,
				5070751315884ABB00DCED37 /* FlickrPhotoAnnotation.m */,
			);
			name = Model;
			sourceTree = "<group>";
		};
/* End PBXGroup section */

/* Begin PBXNativeTarget section */
		50D8A2B6157859810042F548 /* FlickrPlaces */ = {
			isa = PBXNativeTarget;
			buildConfigurationList = 50D8A2D8157859810042F548 /* Build configuration list for PBXNativeTarget "FlickrPlaces" */;
			buildPhases = (
				50D8A2B3157859810042F548 /* Sources */,
				50D8A2B4157859810042F548 /* Frameworks */,
				50D8A2B5157859810042F548 /* Resources */,
			);
			buildRules = (
			);
			dependencies = (
			);
			name = FlickrPlaces;
			productName = FlickrPlaces;
			productReference = 50D8A2B7157859810042F548 /* FlickrPlaces.app */;
			productType = "com.apple.product-type.application";
		};
/* End PBXNativeTarget section */

/* Begin PBXProject section */
		50D8A2AE157859810042F548 /* Project object */ = {
			isa = PBXProject;
			attributes = {
				LastUpgradeCheck = 0420;
			};
			buildConfigurationList = 50D8A2B1157859810042F548 /* Build configuration list for PBXProject "FlickrPlaces" */;
			compatibilityVersion = "Xcode 3.2";
			developmentRegion = English;
			hasScannedForEncodings = 0;
			knownRegions = (
				en,
			);
			mainGroup = 50D8A2AC157859810042F548;
			productRefGroup = 50D8A2B8157859810042F548 /* Products */;
			projectDirPath = "";
			projectRoot = "";
			targets = (
				50D8A2B6157859810042F548 /* FlickrPlaces */,
			);
		};
/* End PBXProject section */

/* Begin PBXResourcesBuildPhase section */
		50D8A2B5157859810042F548 /* Resources */ = {
			isa = PBXResourcesBuildPhase;
			buildActionMask = 2147483647;
			files = (
				50D8A2C6157859810042F548 /* InfoPlist.strings in Resources */,
				50D8A2CF157859810042F548 /* MainStoryboard_iPhone.storyboard in Resources */,
				50D8A2D2157859810042F548 /* MainStoryboard_iPad.storyboard in Resources */,
				50E63050157C69980074451F /* Flickr.png in Resources */,
				50B76E44157C74B500843CB4 /* photos.png in Resources */,
				50B76E45157C74B500843CB4 /* briefcase.png in Resources */,
				50B76E46157C74B500843CB4 /* world.png in Resources */,
				50B19F361589D2BF00405CF0 /* thumbnail.png in Resources */,
			);
			runOnlyForDeploymentPostprocessing = 0;
		};
/* End PBXResourcesBuildPhase section */

/* Begin PBXSourcesBuildPhase section */
		50D8A2B3157859810042F548 /* Sources */ = {
			isa = PBXSourcesBuildPhase;
			buildActionMask = 2147483647;
			files = (
				50D8A2C8157859810042F548 /* main.m in Sources */,
				50D8A2CC157859810042F548 /* FlickrPlacesAppDelegate.m in Sources */,
				50E63046157C59E50074451F /* FlickrFetcher.m in Sources */,
				50A671AC1581B56B00A34F20 /* PlacesTableViewController.m in Sources */,
				50A671B31581C60100A34F20 /* PhotosTableViewController.m in Sources */,
				50A671C51581D42E00A34F20 /* PhotoScrollViewController.m in Sources */,
				50EC2ABF15831DC600E4AE07 /* FlickrService.m in Sources */,
				5070750A158842F100DCED37 /* FlickrPlaceAnnotation.m in Sources */,
				5070751415884ABB00DCED37 /* FlickrPhotoAnnotation.m in Sources */,
				50D96F7815889CFE00E62B85 /* FlickrRecentPhotos.m in Sources */,
				50681E5715896A3D000909F8 /* MapViewController.m in Sources */,
				50B06A46158AEB890051E9A7 /* FlickrImage.m in Sources */,
			);
			runOnlyForDeploymentPostprocessing = 0;
		};
/* End PBXSourcesBuildPhase section */

/* Begin PBXVariantGroup section */
		50D8A2C4157859810042F548 /* InfoPlist.strings */ = {
			isa = PBXVariantGroup;
			children = (
				50D8A2C5157859810042F548 /* en */,
			);
			name = InfoPlist.strings;
			sourceTree = "<group>";
		};
		50D8A2CD157859810042F548 /* MainStoryboard_iPhone.storyboard */ = {
			isa = PBXVariantGroup;
			children = (
				50D8A2CE157859810042F548 /* en */,
			);
			name = MainStoryboard_iPhone.storyboard;
			sourceTree = "<group>";
		};
		50D8A2D0157859810042F548 /* MainStoryboard_iPad.storyboard */ = {
			isa = PBXVariantGroup;
			children = (
				50D8A2D1157859810042F548 /* en */,
			);
			name = MainStoryboard_iPad.storyboard;
			sourceTree = "<group>";
		};
/* End PBXVariantGroup section */

/* Begin XCBuildConfiguration section */
		50D8A2D6157859810042F548 /* Debug */ = {
			isa = XCBuildConfiguration;
			buildSettings = {
				ALWAYS_SEARCH_USER_PATHS = NO;
				ARCHS = "$(ARCHS_STANDARD_32_BIT)";
				CLANG_ENABLE_OBJC_ARC = YES;
				"CODE_SIGN_IDENTITY[sdk=iphoneos*]" = "iPhone Developer";
				COPY_PHASE_STRIP = NO;
				GCC_C_LANGUAGE_STANDARD = gnu99;
				GCC_DYNAMIC_NO_PIC = NO;
				GCC_OPTIMIZATION_LEVEL = 0;
				GCC_PREPROCESSOR_DEFINITIONS = (
					"DEBUG=1",
					"$(inherited)",
				);
				GCC_SYMBOLS_PRIVATE_EXTERN = NO;
				GCC_VERSION = com.apple.compilers.llvm.clang.1_0;
				GCC_WARN_ABOUT_MISSING_PROTOTYPES = YES;
				GCC_WARN_ABOUT_RETURN_TYPE = YES;
				GCC_WARN_UNUSED_VARIABLE = YES;
				IPHONEOS_DEPLOYMENT_TARGET = 5.0;
				SDKROOT = iphoneos;
				TARGETED_DEVICE_FAMILY = "1,2";
			};
			name = Debug;
		};
		50D8A2D7157859810042F548 /* Release */ = {
			isa = XCBuildConfiguration;
			buildSettings = {
				ALWAYS_SEARCH_USER_PATHS = NO;
				ARCHS = "$(ARCHS_STANDARD_32_BIT)";
				CLANG_ENABLE_OBJC_ARC = YES;
				"CODE_SIGN_IDENTITY[sdk=iphoneos*]" = "iPhone Developer";
				COPY_PHASE_STRIP = YES;
				GCC_C_LANGUAGE_STANDARD = gnu99;
				GCC_VERSION = com.apple.compilers.llvm.clang.1_0;
				GCC_WARN_ABOUT_MISSING_PROTOTYPES = YES;
				GCC_WARN_ABOUT_RETURN_TYPE = YES;
				GCC_WARN_UNUSED_VARIABLE = YES;
				IPHONEOS_DEPLOYMENT_TARGET = 5.0;
				OTHER_CFLAGS = "-DNS_BLOCK_ASSERTIONS=1";
				SDKROOT = iphoneos;
				TARGETED_DEVICE_FAMILY = "1,2";
				VALIDATE_PRODUCT = YES;
			};
			name = Release;
		};
		50D8A2D9157859810042F548 /* Debug */ = {
			isa = XCBuildConfiguration;
			buildSettings = {
				GCC_PRECOMPILE_PREFIX_HEADER = YES;
				GCC_PREFIX_HEADER = "FlickrPlaces/FlickrPlaces-Prefix.pch";
				INFOPLIST_FILE = "FlickrPlaces/FlickrPlaces-Info.plist";
				PRODUCT_NAME = "$(TARGET_NAME)";
				WRAPPER_EXTENSION = app;
			};
			name = Debug;
		};
		50D8A2DA157859810042F548 /* Release */ = {
			isa = XCBuildConfiguration;
			buildSettings = {
				GCC_PRECOMPILE_PREFIX_HEADER = YES;
				GCC_PREFIX_HEADER = "FlickrPlaces/FlickrPlaces-Prefix.pch";
				INFOPLIST_FILE = "FlickrPlaces/FlickrPlaces-Info.plist";
				PRODUCT_NAME = "$(TARGET_NAME)";
				WRAPPER_EXTENSION = app;
			};
			name = Release;
		};
/* End XCBuildConfiguration section */

/* Begin XCConfigurationList section */
		50D8A2B1157859810042F548 /* Build configuration list for PBXProject "FlickrPlaces" */ = {
			isa = XCConfigurationList;
			buildConfigurations = (
				50D8A2D6157859810042F548 /* Debug */,
				50D8A2D7157859810042F548 /* Release */,
			);
			defaultConfigurationIsVisible = 0;
			defaultConfigurationName = Release;
		};
		50D8A2D8157859810042F548 /* Build configuration list for PBXNativeTarget "FlickrPlaces" */ = {
			isa = XCConfigurationList;
			buildConfigurations = (
				50D8A2D9157859810042F548 /* Debug */,
				50D8A2DA157859810042F548 /* Release */,
			);
			defaultConfigurationIsVisible = 0;
			defaultConfigurationName = Release;
		};
/* End XCConfigurationList section */
	};
	rootObject = 50D8A2AE157859810042F548 /* Project object */;
}
